
Microsoft Visual Studio Solution File, Format Version 12.00
# Visual Studio Version 16
VisualStudioVersion = 16.0.31005.135
MinimumVisualStudioVersion = 10.0.40219.1
Project("{FAE04EC0-301F-11D3-BF4B-00C04F79EFBC}") = "TheWeatherAround", "TheWeatherAround\TheWeatherAround.csproj", "{F1CA8618-1AAF-4D9B-96F1-10E3032D79C6}"
EndProject
Global
	GlobalSection(SolutionConfigurationPlatforms) = preSolution
		Debug|Any CPU = Debug|Any CPU
		Release|Any CPU = Release|Any CPU
	EndGlobalSection
	GlobalSection(ProjectConfigurationPlatforms) = postSolution
		{F1CA8618-1AAF-4D9B-96F1-10E3032D79C6}.Debug|Any CPU.ActiveCfg = Debug|Any CPU
		{F1CA8618-1AAF-4D9B-96F1-10E3032D79C6}.Debug|Any CPU.Build.0 = Debug|Any CPU
		{F1CA8618-1AAF-4D9B-96F1-10E3032D79C6}.Release|Any CPU.ActiveCfg = Release|Any CPU
		{F1CA8618-1AAF-4D9B-96F1-10E3032D79C6}.Release|Any CPU.Build.0 = Release|Any CPU
	EndGlobalSection
	GlobalSection(SolutionProperties) = preSolution
		HideSolutionNode = FALSE
	EndGlobalSection
	GlobalSection(ExtensibilityGlobals) = postSolution
		SolutionGuid = {0867908A-CFD2-42E7-BA3D-5A3F7473AF8E}
	EndGlobalSection
EndGlobal
